{
  "nodes": {
    "android-nixpkgs": {
      "inputs": {
        "devshell": [
          "flutter-flake",
          "devshell"
        ],
        "flake-utils": "flake-utils",
        "nixpkgs": [
          "flutter-flake",
          "nixpkgs"
        ]
      },
      "locked": {
        "lastModified": 1690661919,
        "narHash": "sha256-mbcRu1YAfFbxZDKQpKhsfS2WUS4/LPAbat+MXyEHgRY=",
        "owner": "tadfisher",
        "repo": "android-nixpkgs",
        "rev": "7aefbafa936a15d62d2b757d0a5027974e1e92b0",
        "type": "github"
      },
      "original": {
        "owner": "tadfisher",
        "ref": "stable",
        "repo": "android-nixpkgs",
        "type": "github"
      }
    },
    "devshell": {
      "inputs": {
        "flake-utils": "flake-utils_2",
        "nixpkgs": [
          "flutter-flake",
          "nixpkgs"
        ]
      },
      "locked": {
        "lastModified": 1655976588,
        "narHash": "sha256-VreHyH6ITkf/1EX/8h15UqhddJnUleb0HgbC3gMkAEQ=",
        "owner": "numtide",
        "repo": "devshell",
        "rev": "899ca4629020592a13a46783587f6e674179d1db",
        "type": "github"
      },
      "original": {
        "owner": "numtide",
        "repo": "devshell",
        "type": "github"
      }
    },
    "flake-utils": {
      "inputs": {
        "systems": "systems"
      },
      "locked": {
        "lastModified": 1689068808,
        "narHash": "sha256-6ixXo3wt24N/melDWjq70UuHQLxGV8jZvooRanIHXw0=",
        "owner": "numtide",
        "repo": "flake-utils",
        "rev": "919d646de7be200f3bf08cb76ae1f09402b6f9b4",
        "type": "github"
      },
      "original": {
        "owner": "numtide",
        "repo": "flake-utils",
        "type": "github"
      }
    },
    "flake-utils_2": {
      "locked": {
        "lastModified": 1642700792,
        "narHash": "sha256-XqHrk7hFb+zBvRg6Ghl+AZDq03ov6OshJLiSWOoX5es=",
        "owner": "numtide",
        "repo": "flake-utils",
        "rev": "846b2ae0fc4cc943637d3d1def4454213e203cba",
        "type": "github"
      },
      "original": {
        "owner": "numtide",
        "repo": "flake-utils",
        "type": "github"
      }
    },
    "flake-utils_3": {
      "locked": {
        "lastModified": 1656928814,
        "narHash": "sha256-RIFfgBuKz6Hp89yRr7+NR5tzIAbn52h8vT6vXkYjZoM=",
        "owner": "numtide",
        "repo": "flake-utils",
        "rev": "7e2a3b3dfd9af950a856d66b0a7d01e3c18aa249",
        "type": "github"
      },
      "original": {
        "owner": "numtide",
        "repo": "flake-utils",
        "type": "github"
      }
    },
    "flutter-flake": {
      "inputs": {
        "android-nixpkgs": "android-nixpkgs",
        "devshell": "devshell",
        "flake-utils": "flake-utils_3",
        "nixpkgs": [
          "nixpkgs"
        ]
      },
      "locked": {
        "lastModified": 1692257664,
        "narHash": "sha256-qitPjB2vtNrO0U2RczRBcp7kYxwCskJDdKcLu5rSpIE=",
        "owner": "waotzi",
        "repo": "flake-flutter",
        "rev": "8b74acbf777ce797c558b015de1a25e92ac82fbe",
        "type": "github"
      },
      "original": {
        "owner": "waotzi",
        "ref": "3.1.0",
        "repo": "flake-flutter",
        "type": "github"
      }
    },
    "nixpkgs": {
      "locked": {
        "lastModified": 1692134936,
        "narHash": "sha256-Z68O969cioC6I3k/AFBxsuEwpJwt4l9fzwuAMUhCCs0=",
        "owner": "NixOS",
        "repo": "nixpkgs",
        "rev": "bfd953b2c6de4f550f75461bcc5768b6f966be10",
        "type": "github"
      },
      "original": {
        "owner": "NixOS",
        "ref": "nixos-23.05",
        "repo": "nixpkgs",
        "type": "github"
      }
    },
    "root": {
      "inputs": {
        "flutter-flake": "flutter-flake",
        "nixpkgs": "nixpkgs"
      }
    },
    "systems": {
      "locked": {
        "lastModified": 1681028828,
        "narHash": "sha256-Vy1rq5AaRuLzOxct8nz4T6wlgyUR7zLU309k9mBC768=",
        "owner": "nix-systems",
        "repo": "default",
        "rev": "da67096a3b9bf56a91d16901293e51ba5b49a27e",
        "type": "github"
      },
      "original": {
        "owner": "nix-systems",
        "repo": "default",
        "type": "github"
      }
    }
  },
  "root": "root",
  "version": 7
}
